// !$*UTF8*$!
{
	archiveVersion = 1;
	classes = {
	};
	objectVersion = 52;
	objects = {

/* Begin PBXBuildFile section */
		0E00FCA725BEEA5D00492857 /* Image.xcassets in Resources */ = {isa = PBXBuildFile; fileRef = 0E00FCA625BEEA5D00492857 /* Image.xcassets */; };
		0E00FCAE25BF725B00492857 /* ImageLoaderService.swift in Sources */ = {isa = PBXBuildFile; fileRef = 0E00FCAA25BF725B00492857 /* ImageLoaderService.swift */; };
		0E00FCAF25BF725B00492857 /* ImageLoaderServiceType.swift in Sources */ = {isa = PBXBuildFile; fileRef = 0E00FCAB25BF725B00492857 /* ImageLoaderServiceType.swift */; };
		0E00FCB025BF725B00492857 /* ImageLoadOperation.swift in Sources */ = {isa = PBXBuildFile; fileRef = 0E00FCAC25BF725B00492857 /* ImageLoadOperation.swift */; };
		0E00FCB125BF725B00492857 /* ImageCache.swift in Sources */ = {isa = PBXBuildFile; fileRef = 0E00FCAD25BF725B00492857 /* ImageCache.swift */; };
		0E00FCBC25BF827900492857 /* RecipeViewModel.swift in Sources */ = {isa = PBXBuildFile; fileRef = 0E00FCBB25BF827900492857 /* RecipeViewModel.swift */; };
		0E00FCC025BF870400492857 /* RecipeViewModelTransformer.swift in Sources */ = {isa = PBXBuildFile; fileRef = 0E00FCBF25BF870400492857 /* RecipeViewModelTransformer.swift */; };
		0E00FCCF25BF965300492857 /* UIAccessibility+Helpers.swift in Sources */ = {isa = PBXBuildFile; fileRef = 0E00FCCE25BF965300492857 /* UIAccessibility+Helpers.swift */; };
		0E071AAF25BAD80A00FDB993 /* NetworkServiceType.swift in Sources */ = {isa = PBXBuildFile; fileRef = 0E071AAE25BAD80A00FDB993 /* NetworkServiceType.swift */; };
		0E071AB325BAD82700FDB993 /* Resource.swift in Sources */ = {isa = PBXBuildFile; fileRef = 0E071AB225BAD82700FDB993 /* Resource.swift */; };
		0E071AB925BAD8D300FDB993 /* NetworkService.swift in Sources */ = {isa = PBXBuildFile; fileRef = 0E071AB825BAD8D300FDB993 /* NetworkService.swift */; };
		0E071ABD25BADA8500FDB993 /* Publisher+Extensions.swift in Sources */ = {isa = PBXBuildFile; fileRef = 0E071ABC25BADA8500FDB993 /* Publisher+Extensions.swift */; };
		0E071AC325BAE12A00FDB993 /* LocalStubbedDataService.swift in Sources */ = {isa = PBXBuildFile; fileRef = 0E071AC225BAE12A00FDB993 /* LocalStubbedDataService.swift */; };
		0E071AC725BAE18000FDB993 /* recipesSample.json in Resources */ = {isa = PBXBuildFile; fileRef = 0E071AC625BAE18000FDB993 /* recipesSample.json */; };
		0E071ACA25BAE1CB00FDB993 /* Scheduler.swift in Sources */ = {isa = PBXBuildFile; fileRef = 0E071AC925BAE1CB00FDB993 /* Scheduler.swift */; };
		0E071ACF25BAE8D200FDB993 /* Recipe+DataModel.swift in Sources */ = {isa = PBXBuildFile; fileRef = 0E071ACE25BAE8D200FDB993 /* Recipe+DataModel.swift */; };
		0E071AD225BAEEA800FDB993 /* ServicesProvider.swift in Sources */ = {isa = PBXBuildFile; fileRef = 0E071AD125BAEEA800FDB993 /* ServicesProvider.swift */; };
		0E1E381D25B98D3100CE7BE5 /* AppDelegate.swift in Sources */ = {isa = PBXBuildFile; fileRef = 0E1E381C25B98D3100CE7BE5 /* AppDelegate.swift */; };
		0E1E382125B98D3100CE7BE5 /* RecipeListViewController.swift in Sources */ = {isa = PBXBuildFile; fileRef = 0E1E382025B98D3100CE7BE5 /* RecipeListViewController.swift */; };
		0E1E382425B98D3100CE7BE5 /* Main.storyboard in Resources */ = {isa = PBXBuildFile; fileRef = 0E1E382225B98D3100CE7BE5 /* Main.storyboard */; };
		0E1E382625B98D3200CE7BE5 /* Assets.xcassets in Resources */ = {isa = PBXBuildFile; fileRef = 0E1E382525B98D3200CE7BE5 /* Assets.xcassets */; };
		0E1E382925B98D3200CE7BE5 /* LaunchScreen.storyboard in Resources */ = {isa = PBXBuildFile; fileRef = 0E1E382725B98D3200CE7BE5 /* LaunchScreen.storyboard */; };
		0E1E384125B992C600CE7BE5 /* RecipeCollectionViewCell.swift in Sources */ = {isa = PBXBuildFile; fileRef = 0E1E383F25B992C600CE7BE5 /* RecipeCollectionViewCell.swift */; };
		0E1E384225B992C600CE7BE5 /* RecipeCollectionViewCell.xib in Resources */ = {isa = PBXBuildFile; fileRef = 0E1E384025B992C600CE7BE5 /* RecipeCollectionViewCell.xib */; };
		0E1E384A25B9936A00CE7BE5 /* UICollectionView+Common.swift in Sources */ = {isa = PBXBuildFile; fileRef = 0E1E384825B9936A00CE7BE5 /* UICollectionView+Common.swift */; };
		0E8705A825BD841C006DD94E /* RecipeModel+DataMappingSpec.swift in Sources */ = {isa = PBXBuildFile; fileRef = 0E8705A725BD841C006DD94E /* RecipeModel+DataMappingSpec.swift */; };
		0E8705B225BD846F006DD94E /* Quick in Frameworks */ = {isa = PBXBuildFile; productRef = 0E8705B125BD846F006DD94E /* Quick */; };
		0E8705B725BD8498006DD94E /* Nimble in Frameworks */ = {isa = PBXBuildFile; productRef = 0E8705B625BD8498006DD94E /* Nimble */; };
		0E8705BB25BD84D0006DD94E /* Bundle+JSONForResource.swift in Sources */ = {isa = PBXBuildFile; fileRef = 0E8705BA25BD84D0006DD94E /* Bundle+JSONForResource.swift */; };
		0E8705D925BD8C98006DD94E /* recipe_sample_data.json in Resources */ = {isa = PBXBuildFile; fileRef = 0E8705CB25BD85D4006DD94E /* recipe_sample_data.json */; };
		0E8705DD25BD969B006DD94E /* incorrect_data.json in Resources */ = {isa = PBXBuildFile; fileRef = 0E8705DC25BD969B006DD94E /* incorrect_data.json */; };
		0E8705E925BD9A72006DD94E /* NetwrokServiceType+TestDoubles.swift in Sources */ = {isa = PBXBuildFile; fileRef = 0E8705E825BD9A72006DD94E /* NetwrokServiceType+TestDoubles.swift */; };
		0E8705EF25BD9E39006DD94E /* RecipeList+NetworkServiceSpec.swift in Sources */ = {isa = PBXBuildFile; fileRef = 0E8705EE25BD9E39006DD94E /* RecipeList+NetworkServiceSpec.swift */; };
		0E8705FA25BD9F68006DD94E /* Resource+RecipeListResponse.swift in Sources */ = {isa = PBXBuildFile; fileRef = 0E8705F925BD9F68006DD94E /* Resource+RecipeListResponse.swift */; };
		0E87060025BE0FCB006DD94E /* TestHelper.swift in Sources */ = {isa = PBXBuildFile; fileRef = 0E8705FF25BE0FCB006DD94E /* TestHelper.swift */; };
		0E87060525BE1242006DD94E /* RecipesUseCaseType.swift in Sources */ = {isa = PBXBuildFile; fileRef = 0E87060425BE1242006DD94E /* RecipesUseCaseType.swift */; };
		0E87060925BE129A006DD94E /* Recipe+DomainModel.swift in Sources */ = {isa = PBXBuildFile; fileRef = 0E87060825BE129A006DD94E /* Recipe+DomainModel.swift */; };
		0E87061025BE165B006DD94E /* RecipeUseCase.swift in Sources */ = {isa = PBXBuildFile; fileRef = 0E87060F25BE165B006DD94E /* RecipeUseCase.swift */; };
		0E87061A25BE1AA1006DD94E /* ApiConstants.swift in Sources */ = {isa = PBXBuildFile; fileRef = 0E071AB525BAD88A00FDB993 /* ApiConstants.swift */; };
		0E87062925BE21C8006DD94E /* RecipeUseCaseSpec.swift in Sources */ = {isa = PBXBuildFile; fileRef = 0E87062825BE21C8006DD94E /* RecipeUseCaseSpec.swift */; };
		0E87062E25BEBD34006DD94E /* RecipeeListViewModelType.swift in Sources */ = {isa = PBXBuildFile; fileRef = 0E87062D25BEBD34006DD94E /* RecipeeListViewModelType.swift */; };
		0E87063425BEBE96006DD94E /* RecipeListViewModel.swift in Sources */ = {isa = PBXBuildFile; fileRef = 0E87063325BEBE96006DD94E /* RecipeListViewModel.swift */; };
		0ED6DD5825BA182900502698 /* RecipeListFlowCoordinator.swift in Sources */ = {isa = PBXBuildFile; fileRef = 0ED6DD5425BA182900502698 /* RecipeListFlowCoordinator.swift */; };
		0ED6DD5925BA182900502698 /* ApplicationFlowCoordinator.swift in Sources */ = {isa = PBXBuildFile; fileRef = 0ED6DD5525BA182900502698 /* ApplicationFlowCoordinator.swift */; };
		0ED6DD5A25BA182900502698 /* FlowCoordinator+DependencyProviders.swift in Sources */ = {isa = PBXBuildFile; fileRef = 0ED6DD5625BA182900502698 /* FlowCoordinator+DependencyProviders.swift */; };
		0ED6DD5B25BA182900502698 /* ApplicationComponentsFactory.swift in Sources */ = {isa = PBXBuildFile; fileRef = 0ED6DD5725BA182900502698 /* ApplicationComponentsFactory.swift */; };
		0ED6DD5F25BA19F600502698 /* RecipeListRouting.swift in Sources */ = {isa = PBXBuildFile; fileRef = 0ED6DD5E25BA19F600502698 /* RecipeListRouting.swift */; };
		0EE043F425C0C3FB008D4747 /* Recipe+Accessibility.swift in Sources */ = {isa = PBXBuildFile; fileRef = 0EE043F325C0C3FB008D4747 /* Recipe+Accessibility.swift */; };
		0EE043FD25C15834008D4747 /* PlaceholderViewModel.swift in Sources */ = {isa = PBXBuildFile; fileRef = 0EE043FA25C15834008D4747 /* PlaceholderViewModel.swift */; };
		0EE043FE25C15834008D4747 /* PlaceholderViewController.swift in Sources */ = {isa = PBXBuildFile; fileRef = 0EE043FB25C15834008D4747 /* PlaceholderViewController.swift */; };
		0EE043FF25C15834008D4747 /* PlaceholderViewController.xib in Resources */ = {isa = PBXBuildFile; fileRef = 0EE043FC25C15834008D4747 /* PlaceholderViewController.xib */; };
		0EE0440725C15DE8008D4747 /* UIView+Common.swift in Sources */ = {isa = PBXBuildFile; fileRef = 0EE0440625C15DE8008D4747 /* UIView+Common.swift */; };
		0EE0441125C16153008D4747 /* AccessibilityIdentifiers.swift in Sources */ = {isa = PBXBuildFile; fileRef = 0EE0441025C16153008D4747 /* AccessibilityIdentifiers.swift */; };
		0EE0441725C1726A008D4747 /* RecipeViewModelTransformerSpec.swift in Sources */ = {isa = PBXBuildFile; fileRef = 0EE0441625C1726A008D4747 /* RecipeViewModelTransformerSpec.swift */; };
		0EE0441D25C17AC1008D4747 /* RecipeListViewModelSpec.swift in Sources */ = {isa = PBXBuildFile; fileRef = 0EE0441C25C17AC1008D4747 /* RecipeListViewModelSpec.swift */; };
		0EE0442125C17D8A008D4747 /* RecipeUseCase+TestDoubles.swift in Sources */ = {isa = PBXBuildFile; fileRef = 0EE0442025C17D8A008D4747 /* RecipeUseCase+TestDoubles.swift */; };
/* End PBXBuildFile section */

/* Begin PBXContainerItemProxy section */
		0E8705A025BD83FE006DD94E /* PBXContainerItemProxy */ = {
			isa = PBXContainerItemProxy;
			containerPortal = 0E1E381125B98D3100CE7BE5 /* Project object */;
			proxyType = 1;
			remoteGlobalIDString = 0E1E381825B98D3100CE7BE5;
			remoteInfo = RecipeBoss;
		};
/* End PBXContainerItemProxy section */

/* Begin PBXFileReference section */
		0E00FCA625BEEA5D00492857 /* Image.xcassets */ = {isa = PBXFileReference; lastKnownFileType = folder.assetcatalog; name = Image.xcassets; path = ../Image.xcassets; sourceTree = "<group>"; };
		0E00FCAA25BF725B00492857 /* ImageLoaderService.swift */ = {isa = PBXFileReference; fileEncoding = 4; lastKnownFileType = sourcecode.swift; path = ImageLoaderService.swift; sourceTree = "<group>"; };
		0E00FCAB25BF725B00492857 /* ImageLoaderServiceType.swift */ = {isa = PBXFileReference; fileEncoding = 4; lastKnownFileType = sourcecode.swift; path = ImageLoaderServiceType.swift; sourceTree = "<group>"; };
		0E00FCAC25BF725B00492857 /* ImageLoadOperation.swift */ = {isa = PBXFileReference; fileEncoding = 4; lastKnownFileType = sourcecode.swift; path = ImageLoadOperation.swift; sourceTree = "<group>"; };
		0E00FCAD25BF725B00492857 /* ImageCache.swift */ = {isa = PBXFileReference; fileEncoding = 4; lastKnownFileType = sourcecode.swift; path = ImageCache.swift; sourceTree = "<group>"; };
		0E00FCBB25BF827900492857 /* RecipeViewModel.swift */ = {isa = PBXFileReference; lastKnownFileType = sourcecode.swift; path = RecipeViewModel.swift; sourceTree = "<group>"; };
		0E00FCBF25BF870400492857 /* RecipeViewModelTransformer.swift */ = {isa = PBXFileReference; lastKnownFileType = sourcecode.swift; path = RecipeViewModelTransformer.swift; sourceTree = "<group>"; };
		0E00FCCE25BF965300492857 /* UIAccessibility+Helpers.swift */ = {isa = PBXFileReference; lastKnownFileType = sourcecode.swift; path = "UIAccessibility+Helpers.swift"; sourceTree = "<group>"; };
		0E071AAE25BAD80A00FDB993 /* NetworkServiceType.swift */ = {isa = PBXFileReference; lastKnownFileType = sourcecode.swift; path = NetworkServiceType.swift; sourceTree = "<group>"; };
		0E071AB225BAD82700FDB993 /* Resource.swift */ = {isa = PBXFileReference; lastKnownFileType = sourcecode.swift; path = Resource.swift; sourceTree = "<group>"; };
		0E071AB525BAD88A00FDB993 /* ApiConstants.swift */ = {isa = PBXFileReference; lastKnownFileType = sourcecode.swift; path = ApiConstants.swift; sourceTree = "<group>"; };
		0E071AB825BAD8D300FDB993 /* NetworkService.swift */ = {isa = PBXFileReference; lastKnownFileType = sourcecode.swift; path = NetworkService.swift; sourceTree = "<group>"; };
		0E071ABC25BADA8500FDB993 /* Publisher+Extensions.swift */ = {isa = PBXFileReference; lastKnownFileType = sourcecode.swift; path = "Publisher+Extensions.swift"; sourceTree = "<group>"; };
		0E071AC225BAE12A00FDB993 /* LocalStubbedDataService.swift */ = {isa = PBXFileReference; lastKnownFileType = sourcecode.swift; path = LocalStubbedDataService.swift; sourceTree = "<group>"; };
		0E071AC625BAE18000FDB993 /* recipesSample.json */ = {isa = PBXFileReference; fileEncoding = 4; lastKnownFileType = text.json; path = recipesSample.json; sourceTree = "<group>"; };
		0E071AC925BAE1CB00FDB993 /* Scheduler.swift */ = {isa = PBXFileReference; lastKnownFileType = sourcecode.swift; path = Scheduler.swift; sourceTree = "<group>"; };
		0E071ACE25BAE8D200FDB993 /* Recipe+DataModel.swift */ = {isa = PBXFileReference; lastKnownFileType = sourcecode.swift; path = "Recipe+DataModel.swift"; sourceTree = "<group>"; };
		0E071AD125BAEEA800FDB993 /* ServicesProvider.swift */ = {isa = PBXFileReference; lastKnownFileType = sourcecode.swift; path = ServicesProvider.swift; sourceTree = "<group>"; };
		0E1E381925B98D3100CE7BE5 /* RecipeBoss.app */ = {isa = PBXFileReference; explicitFileType = wrapper.application; includeInIndex = 0; path = RecipeBoss.app; sourceTree = BUILT_PRODUCTS_DIR; };
		0E1E381C25B98D3100CE7BE5 /* AppDelegate.swift */ = {isa = PBXFileReference; lastKnownFileType = sourcecode.swift; path = AppDelegate.swift; sourceTree = "<group>"; };
		0E1E382025B98D3100CE7BE5 /* RecipeListViewController.swift */ = {isa = PBXFileReference; lastKnownFileType = sourcecode.swift; path = RecipeListViewController.swift; sourceTree = "<group>"; };
		0E1E382325B98D3100CE7BE5 /* Base */ = {isa = PBXFileReference; lastKnownFileType = file.storyboard; name = Base; path = Base.lproj/Main.storyboard; sourceTree = "<group>"; };
		0E1E382525B98D3200CE7BE5 /* Assets.xcassets */ = {isa = PBXFileReference; lastKnownFileType = folder.assetcatalog; path = Assets.xcassets; sourceTree = "<group>"; };
		0E1E382825B98D3200CE7BE5 /* Base */ = {isa = PBXFileReference; lastKnownFileType = file.storyboard; name = Base; path = Base.lproj/LaunchScreen.storyboard; sourceTree = "<group>"; };
		0E1E382A25B98D3200CE7BE5 /* Info.plist */ = {isa = PBXFileReference; lastKnownFileType = text.plist.xml; path = Info.plist; sourceTree = "<group>"; };
		0E1E383F25B992C600CE7BE5 /* RecipeCollectionViewCell.swift */ = {isa = PBXFileReference; lastKnownFileType = sourcecode.swift; path = RecipeCollectionViewCell.swift; sourceTree = "<group>"; };
		0E1E384025B992C600CE7BE5 /* RecipeCollectionViewCell.xib */ = {isa = PBXFileReference; lastKnownFileType = file.xib; path = RecipeCollectionViewCell.xib; sourceTree = "<group>"; };
		0E1E384825B9936A00CE7BE5 /* UICollectionView+Common.swift */ = {isa = PBXFileReference; fileEncoding = 4; lastKnownFileType = sourcecode.swift; path = "UICollectionView+Common.swift"; sourceTree = "<group>"; };
		0E87059B25BD83FE006DD94E /* RecipeBossTests.xctest */ = {isa = PBXFileReference; explicitFileType = wrapper.cfbundle; includeInIndex = 0; path = RecipeBossTests.xctest; sourceTree = BUILT_PRODUCTS_DIR; };
		0E87059F25BD83FE006DD94E /* Info.plist */ = {isa = PBXFileReference; lastKnownFileType = text.plist.xml; path = Info.plist; sourceTree = "<group>"; };
		0E8705A725BD841C006DD94E /* RecipeModel+DataMappingSpec.swift */ = {isa = PBXFileReference; lastKnownFileType = sourcecode.swift; path = "RecipeModel+DataMappingSpec.swift"; sourceTree = "<group>"; };
		0E8705BA25BD84D0006DD94E /* Bundle+JSONForResource.swift */ = {isa = PBXFileReference; lastKnownFileType = sourcecode.swift; path = "Bundle+JSONForResource.swift"; sourceTree = "<group>"; };
		0E8705CB25BD85D4006DD94E /* recipe_sample_data.json */ = {isa = PBXFileReference; lastKnownFileType = text.json; path = recipe_sample_data.json; sourceTree = "<group>"; };
		0E8705DC25BD969B006DD94E /* incorrect_data.json */ = {isa = PBXFileReference; lastKnownFileType = text.json; path = incorrect_data.json; sourceTree = "<group>"; };
		0E8705E825BD9A72006DD94E /* NetwrokServiceType+TestDoubles.swift */ = {isa = PBXFileReference; fileEncoding = 4; lastKnownFileType = sourcecode.swift; path = "NetwrokServiceType+TestDoubles.swift"; sourceTree = "<group>"; };
		0E8705EE25BD9E39006DD94E /* RecipeList+NetworkServiceSpec.swift */ = {isa = PBXFileReference; lastKnownFileType = sourcecode.swift; path = "RecipeList+NetworkServiceSpec.swift"; sourceTree = "<group>"; };
		0E8705F925BD9F68006DD94E /* Resource+RecipeListResponse.swift */ = {isa = PBXFileReference; lastKnownFileType = sourcecode.swift; path = "Resource+RecipeListResponse.swift"; sourceTree = "<group>"; };
		0E8705FF25BE0FCB006DD94E /* TestHelper.swift */ = {isa = PBXFileReference; lastKnownFileType = sourcecode.swift; path = TestHelper.swift; sourceTree = "<group>"; };
		0E87060425BE1242006DD94E /* RecipesUseCaseType.swift */ = {isa = PBXFileReference; fileEncoding = 4; lastKnownFileType = sourcecode.swift; path = RecipesUseCaseType.swift; sourceTree = "<group>"; };
		0E87060825BE129A006DD94E /* Recipe+DomainModel.swift */ = {isa = PBXFileReference; lastKnownFileType = sourcecode.swift; path = "Recipe+DomainModel.swift"; sourceTree = "<group>"; };
		0E87060F25BE165B006DD94E /* RecipeUseCase.swift */ = {isa = PBXFileReference; lastKnownFileType = sourcecode.swift; path = RecipeUseCase.swift; sourceTree = "<group>"; };
		0E87062825BE21C8006DD94E /* RecipeUseCaseSpec.swift */ = {isa = PBXFileReference; lastKnownFileType = sourcecode.swift; path = RecipeUseCaseSpec.swift; sourceTree = "<group>"; };
		0E87062D25BEBD34006DD94E /* RecipeeListViewModelType.swift */ = {isa = PBXFileReference; lastKnownFileType = sourcecode.swift; path = RecipeeListViewModelType.swift; sourceTree = "<group>"; };
		0E87063325BEBE96006DD94E /* RecipeListViewModel.swift */ = {isa = PBXFileReference; lastKnownFileType = sourcecode.swift; path = RecipeListViewModel.swift; sourceTree = "<group>"; };
		0ED6DD5425BA182900502698 /* RecipeListFlowCoordinator.swift */ = {isa = PBXFileReference; fileEncoding = 4; lastKnownFileType = sourcecode.swift; path = RecipeListFlowCoordinator.swift; sourceTree = "<group>"; };
		0ED6DD5525BA182900502698 /* ApplicationFlowCoordinator.swift */ = {isa = PBXFileReference; fileEncoding = 4; lastKnownFileType = sourcecode.swift; path = ApplicationFlowCoordinator.swift; sourceTree = "<group>"; };
		0ED6DD5625BA182900502698 /* FlowCoordinator+DependencyProviders.swift */ = {isa = PBXFileReference; fileEncoding = 4; lastKnownFileType = sourcecode.swift; path = "FlowCoordinator+DependencyProviders.swift"; sourceTree = "<group>"; };
		0ED6DD5725BA182900502698 /* ApplicationComponentsFactory.swift */ = {isa = PBXFileReference; fileEncoding = 4; lastKnownFileType = sourcecode.swift; path = ApplicationComponentsFactory.swift; sourceTree = "<group>"; };
		0ED6DD5E25BA19F600502698 /* RecipeListRouting.swift */ = {isa = PBXFileReference; lastKnownFileType = sourcecode.swift; path = RecipeListRouting.swift; sourceTree = "<group>"; };
		0EE043F325C0C3FB008D4747 /* Recipe+Accessibility.swift */ = {isa = PBXFileReference; lastKnownFileType = sourcecode.swift; path = "Recipe+Accessibility.swift"; sourceTree = "<group>"; };
		0EE043FA25C15834008D4747 /* PlaceholderViewModel.swift */ = {isa = PBXFileReference; fileEncoding = 4; lastKnownFileType = sourcecode.swift; path = PlaceholderViewModel.swift; sourceTree = "<group>"; };
		0EE043FB25C15834008D4747 /* PlaceholderViewController.swift */ = {isa = PBXFileReference; fileEncoding = 4; lastKnownFileType = sourcecode.swift; path = PlaceholderViewController.swift; sourceTree = "<group>"; };
		0EE043FC25C15834008D4747 /* PlaceholderViewController.xib */ = {isa = PBXFileReference; fileEncoding = 4; lastKnownFileType = file.xib; path = PlaceholderViewController.xib; sourceTree = "<group>"; };
		0EE0440625C15DE8008D4747 /* UIView+Common.swift */ = {isa = PBXFileReference; lastKnownFileType = sourcecode.swift; path = "UIView+Common.swift"; sourceTree = "<group>"; };
		0EE0441025C16153008D4747 /* AccessibilityIdentifiers.swift */ = {isa = PBXFileReference; lastKnownFileType = sourcecode.swift; path = AccessibilityIdentifiers.swift; sourceTree = "<group>"; };
		0EE0441625C1726A008D4747 /* RecipeViewModelTransformerSpec.swift */ = {isa = PBXFileReference; lastKnownFileType = sourcecode.swift; path = RecipeViewModelTransformerSpec.swift; sourceTree = "<group>"; };
		0EE0441C25C17AC1008D4747 /* RecipeListViewModelSpec.swift */ = {isa = PBXFileReference; lastKnownFileType = sourcecode.swift; path = RecipeListViewModelSpec.swift; sourceTree = "<group>"; };
		0EE0442025C17D8A008D4747 /* RecipeUseCase+TestDoubles.swift */ = {isa = PBXFileReference; lastKnownFileType = sourcecode.swift; path = "RecipeUseCase+TestDoubles.swift"; sourceTree = "<group>"; };
/* End PBXFileReference section */

/* Begin PBXFrameworksBuildPhase section */
		0E1E381625B98D3100CE7BE5 /* Frameworks */ = {
			isa = PBXFrameworksBuildPhase;
			buildActionMask = 2147483647;
			files = (
			);
			runOnlyForDeploymentPostprocessing = 0;
		};
		0E87059825BD83FE006DD94E /* Frameworks */ = {
			isa = PBXFrameworksBuildPhase;
			buildActionMask = 2147483647;
			files = (
				0E8705B225BD846F006DD94E /* Quick in Frameworks */,
				0E8705B725BD8498006DD94E /* Nimble in Frameworks */,
			);
			runOnlyForDeploymentPostprocessing = 0;
		};
/* End PBXFrameworksBuildPhase section */

/* Begin PBXGroup section */
		0E00FCB425BF726100492857 /* ImageLoader */ = {
			isa = PBXGroup;
			children = (
				0E00FCAB25BF725B00492857 /* ImageLoaderServiceType.swift */,
				0E00FCAA25BF725B00492857 /* ImageLoaderService.swift */,
				0E00FCAC25BF725B00492857 /* ImageLoadOperation.swift */,
				0E00FCAD25BF725B00492857 /* ImageCache.swift */,
			);
			path = ImageLoader;
			sourceTree = "<group>";
		};
		0E00FCCD25BF962C00492857 /* Accessibility */ = {
			isa = PBXGroup;
			children = (
				0E00FCCE25BF965300492857 /* UIAccessibility+Helpers.swift */,
				0EE0441025C16153008D4747 /* AccessibilityIdentifiers.swift */,
			);
			path = Accessibility;
			sourceTree = "<group>";
		};
		0E071AAC25BAD7EB00FDB993 /* DataLayer */ = {
			isa = PBXGroup;
			children = (
				0E00FCB425BF726100492857 /* ImageLoader */,
				0E071AD125BAEEA800FDB993 /* ServicesProvider.swift */,
				0E8705F825BD9EFB006DD94E /* Entities */,
				0E071AAD25BAD7F300FDB993 /* Network */,
				0E071ABB25BADA6A00FDB993 /* Support+Utils */,
				0E071AC525BAE16700FDB993 /* ResourceFiles */,
			);
			path = DataLayer;
			sourceTree = "<group>";
		};
		0E071AAD25BAD7F300FDB993 /* Network */ = {
			isa = PBXGroup;
			children = (
				0E071AAE25BAD80A00FDB993 /* NetworkServiceType.swift */,
				0E071AB225BAD82700FDB993 /* Resource.swift */,
				0E071AB825BAD8D300FDB993 /* NetworkService.swift */,
				0E071AC225BAE12A00FDB993 /* LocalStubbedDataService.swift */,
			);
			path = Network;
			sourceTree = "<group>";
		};
		0E071ABB25BADA6A00FDB993 /* Support+Utils */ = {
			isa = PBXGroup;
			children = (
				0E071ABC25BADA8500FDB993 /* Publisher+Extensions.swift */,
				0E071AC925BAE1CB00FDB993 /* Scheduler.swift */,
			);
			path = "Support+Utils";
			sourceTree = "<group>";
		};
		0E071AC525BAE16700FDB993 /* ResourceFiles */ = {
			isa = PBXGroup;
			children = (
				0E071AC625BAE18000FDB993 /* recipesSample.json */,
			);
			path = ResourceFiles;
			sourceTree = "<group>";
		};
		0E1E381025B98D3100CE7BE5 = {
			isa = PBXGroup;
			children = (
				0E1E381B25B98D3100CE7BE5 /* RecipeBoss */,
				0E87059C25BD83FE006DD94E /* RecipeBossTests */,
				0E1E381A25B98D3100CE7BE5 /* Products */,
			);
			sourceTree = "<group>";
		};
		0E1E381A25B98D3100CE7BE5 /* Products */ = {
			isa = PBXGroup;
			children = (
				0E1E381925B98D3100CE7BE5 /* RecipeBoss.app */,
				0E87059B25BD83FE006DD94E /* RecipeBossTests.xctest */,
			);
			name = Products;
			sourceTree = "<group>";
		};
		0E1E381B25B98D3100CE7BE5 /* RecipeBoss */ = {
			isa = PBXGroup;
			children = (
				0E1E383A25B9923A00CE7BE5 /* PresentationLayer */,
				0E87060325BE1218006DD94E /* DomainLayer */,
				0E071AAC25BAD7EB00FDB993 /* DataLayer */,
				0E071AB525BAD88A00FDB993 /* ApiConstants.swift */,
				0E1E382A25B98D3200CE7BE5 /* Info.plist */,
			);
			path = RecipeBoss;
			sourceTree = "<group>";
		};
		0E1E383A25B9923A00CE7BE5 /* PresentationLayer */ = {
			isa = PBXGroup;
			children = (
				0E1E382725B98D3200CE7BE5 /* LaunchScreen.storyboard */,
				0E1E382225B98D3100CE7BE5 /* Main.storyboard */,
				0E1E381C25B98D3100CE7BE5 /* AppDelegate.swift */,
				0ED6DD5325BA180000502698 /* FlowCoordinators */,
				0E1E383B25B9925B00CE7BE5 /* Scenes */,
				0E1E383C25B9926D00CE7BE5 /* SupportingFiles */,
			);
			path = PresentationLayer;
			sourceTree = "<group>";
		};
		0E1E383B25B9925B00CE7BE5 /* Scenes */ = {
			isa = PBXGroup;
			children = (
				0E1E383D25B9928700CE7BE5 /* RecipeList */,
				0E1E384525B992FB00CE7BE5 /* Shared */,
			);
			path = Scenes;
			sourceTree = "<group>";
		};
		0E1E383C25B9926D00CE7BE5 /* SupportingFiles */ = {
			isa = PBXGroup;
			children = (
				0E00FCA625BEEA5D00492857 /* Image.xcassets */,
				0E1E382525B98D3200CE7BE5 /* Assets.xcassets */,
			);
			path = SupportingFiles;
			sourceTree = "<group>";
		};
		0E1E383D25B9928700CE7BE5 /* RecipeList */ = {
			isa = PBXGroup;
			children = (
				0EE043F925C1580F008D4747 /* PlaceholderView */,
				0E87062C25BEBD1F006DD94E /* ViewModels */,
				0E1E383E25B9929500CE7BE5 /* UIComponents */,
				0ED6DD5E25BA19F600502698 /* RecipeListRouting.swift */,
				0E1E382025B98D3100CE7BE5 /* RecipeListViewController.swift */,
			);
			path = RecipeList;
			sourceTree = "<group>";
		};
		0E1E383E25B9929500CE7BE5 /* UIComponents */ = {
			isa = PBXGroup;
			children = (
				0E1E383F25B992C600CE7BE5 /* RecipeCollectionViewCell.swift */,
				0E1E384025B992C600CE7BE5 /* RecipeCollectionViewCell.xib */,
			);
			path = UIComponents;
			sourceTree = "<group>";
		};
		0E1E384525B992FB00CE7BE5 /* Shared */ = {
			isa = PBXGroup;
			children = (
				0E00FCCD25BF962C00492857 /* Accessibility */,
				0E1E384625B9930A00CE7BE5 /* UI+Utils */,
			);
			path = Shared;
			sourceTree = "<group>";
		};
		0E1E384625B9930A00CE7BE5 /* UI+Utils */ = {
			isa = PBXGroup;
			children = (
				0E1E384825B9936A00CE7BE5 /* UICollectionView+Common.swift */,
				0EE0440625C15DE8008D4747 /* UIView+Common.swift */,
			);
			path = "UI+Utils";
			sourceTree = "<group>";
		};
		0E87059C25BD83FE006DD94E /* RecipeBossTests */ = {
			isa = PBXGroup;
			children = (
				0EE0441425C17205008D4747 /* PresentationTests */,
				0E87062525BE20E6006DD94E /* DomainLayerTests */,
				0E8705BE25BD84DD006DD94E /* DataLayerTests */,
				0E8705FF25BE0FCB006DD94E /* TestHelper.swift */,
				0E87059F25BD83FE006DD94E /* Info.plist */,
			);
			path = RecipeBossTests;
			sourceTree = "<group>";
		};
		0E8705BE25BD84DD006DD94E /* DataLayerTests */ = {
			isa = PBXGroup;
			children = (
				0E8705E825BD9A72006DD94E /* NetwrokServiceType+TestDoubles.swift */,
				0E8705EE25BD9E39006DD94E /* RecipeList+NetworkServiceSpec.swift */,
				0E8705A725BD841C006DD94E /* RecipeModel+DataMappingSpec.swift */,
				0E8705C925BD85AF006DD94E /* TestingResources */,
			);
			path = DataLayerTests;
			sourceTree = "<group>";
		};
		0E8705C925BD85AF006DD94E /* TestingResources */ = {
			isa = PBXGroup;
			children = (
				0E8705CB25BD85D4006DD94E /* recipe_sample_data.json */,
				0E8705BA25BD84D0006DD94E /* Bundle+JSONForResource.swift */,
				0E8705DC25BD969B006DD94E /* incorrect_data.json */,
			);
			path = TestingResources;
			sourceTree = "<group>";
		};
		0E8705F825BD9EFB006DD94E /* Entities */ = {
			isa = PBXGroup;
			children = (
				0E071ACE25BAE8D200FDB993 /* Recipe+DataModel.swift */,
				0E8705F925BD9F68006DD94E /* Resource+RecipeListResponse.swift */,
			);
			path = Entities;
			sourceTree = "<group>";
		};
		0E87060325BE1218006DD94E /* DomainLayer */ = {
			isa = PBXGroup;
			children = (
				0E87060C25BE15F6006DD94E /* Models */,
				0E87060425BE1242006DD94E /* RecipesUseCaseType.swift */,
				0E87060F25BE165B006DD94E /* RecipeUseCase.swift */,
			);
			path = DomainLayer;
			sourceTree = "<group>";
		};
		0E87060C25BE15F6006DD94E /* Models */ = {
			isa = PBXGroup;
			children = (
				0E87060825BE129A006DD94E /* Recipe+DomainModel.swift */,
			);
			path = Models;
			sourceTree = "<group>";
		};
		0E87062525BE20E6006DD94E /* DomainLayerTests */ = {
			isa = PBXGroup;
			children = (
				0E87062825BE21C8006DD94E /* RecipeUseCaseSpec.swift */,
			);
			path = DomainLayerTests;
			sourceTree = "<group>";
		};
		0E87062C25BEBD1F006DD94E /* ViewModels */ = {
			isa = PBXGroup;
			children = (
				0E87062D25BEBD34006DD94E /* RecipeeListViewModelType.swift */,
				0E87063325BEBE96006DD94E /* RecipeListViewModel.swift */,
				0E00FCBF25BF870400492857 /* RecipeViewModelTransformer.swift */,
				0E00FCBB25BF827900492857 /* RecipeViewModel.swift */,
				0EE043F325C0C3FB008D4747 /* Recipe+Accessibility.swift */,
			);
			path = ViewModels;
			sourceTree = "<group>";
		};
		0ED6DD5325BA180000502698 /* FlowCoordinators */ = {
			isa = PBXGroup;
			children = (
				0ED6DD5725BA182900502698 /* ApplicationComponentsFactory.swift */,
				0ED6DD5525BA182900502698 /* ApplicationFlowCoordinator.swift */,
				0ED6DD5625BA182900502698 /* FlowCoordinator+DependencyProviders.swift */,
				0ED6DD5425BA182900502698 /* RecipeListFlowCoordinator.swift */,
			);
			path = FlowCoordinators;
			sourceTree = "<group>";
		};
		0EE043F925C1580F008D4747 /* PlaceholderView */ = {
			isa = PBXGroup;
			children = (
				0EE043FB25C15834008D4747 /* PlaceholderViewController.swift */,
				0EE043FC25C15834008D4747 /* PlaceholderViewController.xib */,
				0EE043FA25C15834008D4747 /* PlaceholderViewModel.swift */,
			);
			path = PlaceholderView;
			sourceTree = "<group>";
		};
		0EE0441425C17205008D4747 /* PresentationTests */ = {
			isa = PBXGroup;
			children = (
				0EE0441625C1726A008D4747 /* RecipeViewModelTransformerSpec.swift */,
				0EE0441C25C17AC1008D4747 /* RecipeListViewModelSpec.swift */,
				0EE0442025C17D8A008D4747 /* RecipeUseCase+TestDoubles.swift */,
			);
			path = PresentationTests;
			sourceTree = "<group>";
		};
/* End PBXGroup section */

/* Begin PBXNativeTarget section */
		0E1E381825B98D3100CE7BE5 /* RecipeBoss */ = {
			isa = PBXNativeTarget;
			buildConfigurationList = 0E1E382D25B98D3200CE7BE5 /* Build configuration list for PBXNativeTarget "RecipeBoss" */;
			buildPhases = (
				0E1E381525B98D3100CE7BE5 /* Sources */,
				0E1E381625B98D3100CE7BE5 /* Frameworks */,
				0E1E381725B98D3100CE7BE5 /* Resources */,
			);
			buildRules = (
			);
			dependencies = (
			);
			name = RecipeBoss;
			packageProductDependencies = (
			);
			productName = RecipeBoss;
			productReference = 0E1E381925B98D3100CE7BE5 /* RecipeBoss.app */;
			productType = "com.apple.product-type.application";
		};
		0E87059A25BD83FE006DD94E /* RecipeBossTests */ = {
			isa = PBXNativeTarget;
			buildConfigurationList = 0E8705A425BD83FE006DD94E /* Build configuration list for PBXNativeTarget "RecipeBossTests" */;
			buildPhases = (
				0E87059725BD83FE006DD94E /* Sources */,
				0E87059825BD83FE006DD94E /* Frameworks */,
				0E87059925BD83FE006DD94E /* Resources */,
			);
			buildRules = (
			);
			dependencies = (
				0E8705A125BD83FE006DD94E /* PBXTargetDependency */,
			);
			name = RecipeBossTests;
			packageProductDependencies = (
				0E8705B125BD846F006DD94E /* Quick */,
				0E8705B625BD8498006DD94E /* Nimble */,
			);
			productName = RecipeBossTests;
			productReference = 0E87059B25BD83FE006DD94E /* RecipeBossTests.xctest */;
			productType = "com.apple.product-type.bundle.unit-test";
		};
/* End PBXNativeTarget section */

/* Begin PBXProject section */
		0E1E381125B98D3100CE7BE5 /* Project object */ = {
			isa = PBXProject;
			attributes = {
				LastSwiftUpdateCheck = 1230;
				LastUpgradeCheck = 1230;
				TargetAttributes = {
					0E1E381825B98D3100CE7BE5 = {
						CreatedOnToolsVersion = 12.3;
					};
					0E87059A25BD83FE006DD94E = {
						CreatedOnToolsVersion = 12.3;
						TestTargetID = 0E1E381825B98D3100CE7BE5;
					};
				};
			};
			buildConfigurationList = 0E1E381425B98D3100CE7BE5 /* Build configuration list for PBXProject "RecipeBoss" */;
			compatibilityVersion = "Xcode 9.3";
			developmentRegion = en;
			hasScannedForEncodings = 0;
			knownRegions = (
				en,
				Base,
			);
			mainGroup = 0E1E381025B98D3100CE7BE5;
			packageReferences = (
				0E8705B025BD846F006DD94E /* XCRemoteSwiftPackageReference "Quick" */,
				0E8705B525BD8498006DD94E /* XCRemoteSwiftPackageReference "Nimble" */,
			);
			productRefGroup = 0E1E381A25B98D3100CE7BE5 /* Products */;
			projectDirPath = "";
			projectRoot = "";
			targets = (
				0E1E381825B98D3100CE7BE5 /* RecipeBoss */,
				0E87059A25BD83FE006DD94E /* RecipeBossTests */,
			);
		};
/* End PBXProject section */

/* Begin PBXResourcesBuildPhase section */
		0E1E381725B98D3100CE7BE5 /* Resources */ = {
			isa = PBXResourcesBuildPhase;
			buildActionMask = 2147483647;
			files = (
				0E1E384225B992C600CE7BE5 /* RecipeCollectionViewCell.xib in Resources */,
				0E1E382925B98D3200CE7BE5 /* LaunchScreen.storyboard in Resources */,
				0E1E382625B98D3200CE7BE5 /* Assets.xcassets in Resources */,
				0E071AC725BAE18000FDB993 /* recipesSample.json in Resources */,
				0E00FCA725BEEA5D00492857 /* Image.xcassets in Resources */,
				0E1E382425B98D3100CE7BE5 /* Main.storyboard in Resources */,
				0EE043FF25C15834008D4747 /* PlaceholderViewController.xib in Resources */,
			);
			runOnlyForDeploymentPostprocessing = 0;
		};
		0E87059925BD83FE006DD94E /* Resources */ = {
			isa = PBXResourcesBuildPhase;
			buildActionMask = 2147483647;
			files = (
				0E8705D925BD8C98006DD94E /* recipe_sample_data.json in Resources */,
				0E8705DD25BD969B006DD94E /* incorrect_data.json in Resources */,
			);
			runOnlyForDeploymentPostprocessing = 0;
		};
/* End PBXResourcesBuildPhase section */

/* Begin PBXSourcesBuildPhase section */
		0E1E381525B98D3100CE7BE5 /* Sources */ = {
			isa = PBXSourcesBuildPhase;
			buildActionMask = 2147483647;
			files = (
				0EE043F425C0C3FB008D4747 /* Recipe+Accessibility.swift in Sources */,
				0E87061A25BE1AA1006DD94E /* ApiConstants.swift in Sources */,
				0EE043FE25C15834008D4747 /* PlaceholderViewController.swift in Sources */,
				0ED6DD5925BA182900502698 /* ApplicationFlowCoordinator.swift in Sources */,
				0E87061025BE165B006DD94E /* RecipeUseCase.swift in Sources */,
				0E8705FA25BD9F68006DD94E /* Resource+RecipeListResponse.swift in Sources */,
				0E00FCC025BF870400492857 /* RecipeViewModelTransformer.swift in Sources */,
				0E1E384125B992C600CE7BE5 /* RecipeCollectionViewCell.swift in Sources */,
				0E071ABD25BADA8500FDB993 /* Publisher+Extensions.swift in Sources */,
				0E00FCB025BF725B00492857 /* ImageLoadOperation.swift in Sources */,
				0EE043FD25C15834008D4747 /* PlaceholderViewModel.swift in Sources */,
				0E071AC325BAE12A00FDB993 /* LocalStubbedDataService.swift in Sources */,
				0ED6DD5A25BA182900502698 /* FlowCoordinator+DependencyProviders.swift in Sources */,
				0E071AB325BAD82700FDB993 /* Resource.swift in Sources */,
				0ED6DD5B25BA182900502698 /* ApplicationComponentsFactory.swift in Sources */,
				0ED6DD5825BA182900502698 /* RecipeListFlowCoordinator.swift in Sources */,
				0ED6DD5F25BA19F600502698 /* RecipeListRouting.swift in Sources */,
				0E071ACA25BAE1CB00FDB993 /* Scheduler.swift in Sources */,
				0E1E382125B98D3100CE7BE5 /* RecipeListViewController.swift in Sources */,
				0E87060525BE1242006DD94E /* RecipesUseCaseType.swift in Sources */,
				0E1E384A25B9936A00CE7BE5 /* UICollectionView+Common.swift in Sources */,
				0EE0440725C15DE8008D4747 /* UIView+Common.swift in Sources */,
				0E071AAF25BAD80A00FDB993 /* NetworkServiceType.swift in Sources */,
				0E87062E25BEBD34006DD94E /* RecipeeListViewModelType.swift in Sources */,
				0E00FCAF25BF725B00492857 /* ImageLoaderServiceType.swift in Sources */,
				0E071AB925BAD8D300FDB993 /* NetworkService.swift in Sources */,
				0E00FCAE25BF725B00492857 /* ImageLoaderService.swift in Sources */,
				0EE0441125C16153008D4747 /* AccessibilityIdentifiers.swift in Sources */,
				0E87060925BE129A006DD94E /* Recipe+DomainModel.swift in Sources */,
				0E87063425BEBE96006DD94E /* RecipeListViewModel.swift in Sources */,
				0E00FCBC25BF827900492857 /* RecipeViewModel.swift in Sources */,
				0E00FCCF25BF965300492857 /* UIAccessibility+Helpers.swift in Sources */,
				0E1E381D25B98D3100CE7BE5 /* AppDelegate.swift in Sources */,
				0E071AD225BAEEA800FDB993 /* ServicesProvider.swift in Sources */,
				0E00FCB125BF725B00492857 /* ImageCache.swift in Sources */,
				0E071ACF25BAE8D200FDB993 /* Recipe+DataModel.swift in Sources */,
			);
			runOnlyForDeploymentPostprocessing = 0;
		};
		0E87059725BD83FE006DD94E /* Sources */ = {
			isa = PBXSourcesBuildPhase;
			buildActionMask = 2147483647;
			files = (
				0E8705EF25BD9E39006DD94E /* RecipeList+NetworkServiceSpec.swift in Sources */,
				0E87060025BE0FCB006DD94E /* TestHelper.swift in Sources */,
				0EE0441725C1726A008D4747 /* RecipeViewModelTransformerSpec.swift in Sources */,
				0EE0441D25C17AC1008D4747 /* RecipeListViewModelSpec.swift in Sources */,
				0E8705A825BD841C006DD94E /* RecipeModel+DataMappingSpec.swift in Sources */,
				0E8705BB25BD84D0006DD94E /* Bundle+JSONForResource.swift in Sources */,
				0E87062925BE21C8006DD94E /* RecipeUseCaseSpec.swift in Sources */,
				0E8705E925BD9A72006DD94E /* NetwrokServiceType+TestDoubles.swift in Sources */,
				0EE0442125C17D8A008D4747 /* RecipeUseCase+TestDoubles.swift in Sources */,
			);
			runOnlyForDeploymentPostprocessing = 0;
		};
/* End PBXSourcesBuildPhase section */

/* Begin PBXTargetDependency section */
		0E8705A125BD83FE006DD94E /* PBXTargetDependency */ = {
			isa = PBXTargetDependency;
			target = 0E1E381825B98D3100CE7BE5 /* RecipeBoss */;
			targetProxy = 0E8705A025BD83FE006DD94E /* PBXContainerItemProxy */;
		};
/* End PBXTargetDependency section */

/* Begin PBXVariantGroup section */
		0E1E382225B98D3100CE7BE5 /* Main.storyboard */ = {
			isa = PBXVariantGroup;
			children = (
				0E1E382325B98D3100CE7BE5 /* Base */,
			);
			name = Main.storyboard;
			sourceTree = "<group>";
		};
		0E1E382725B98D3200CE7BE5 /* LaunchScreen.storyboard */ = {
			isa = PBXVariantGroup;
			children = (
				0E1E382825B98D3200CE7BE5 /* Base */,
			);
			name = LaunchScreen.storyboard;
			sourceTree = "<group>";
		};
/* End PBXVariantGroup section */

/* Begin XCBuildConfiguration section */
		0E1E382B25B98D3200CE7BE5 /* Debug */ = {
			isa = XCBuildConfiguration;
			buildSettings = {
				ALWAYS_SEARCH_USER_PATHS = NO;
				CLANG_ANALYZER_NONNULL = YES;
				CLANG_ANALYZER_NUMBER_OBJECT_CONVERSION = YES_AGGRESSIVE;
				CLANG_CXX_LANGUAGE_STANDARD = "gnu++14";
				CLANG_CXX_LIBRARY = "libc++";
				CLANG_ENABLE_MODULES = YES;
				CLANG_ENABLE_OBJC_ARC = YES;
				CLANG_ENABLE_OBJC_WEAK = YES;
				CLANG_WARN_BLOCK_CAPTURE_AUTORELEASING = YES;
				CLANG_WARN_BOOL_CONVERSION = YES;
				CLANG_WARN_COMMA = YES;
				CLANG_WARN_CONSTANT_CONVERSION = YES;
				CLANG_WARN_DEPRECATED_OBJC_IMPLEMENTATIONS = YES;
				CLANG_WARN_DIRECT_OBJC_ISA_USAGE = YES_ERROR;
				CLANG_WARN_DOCUMENTATION_COMMENTS = YES;
				CLANG_WARN_EMPTY_BODY = YES;
				CLANG_WARN_ENUM_CONVERSION = YES;
				CLANG_WARN_INFINITE_RECURSION = YES;
				CLANG_WARN_INT_CONVERSION = YES;
				CLANG_WARN_NON_LITERAL_NULL_CONVERSION = YES;
				CLANG_WARN_OBJC_IMPLICIT_RETAIN_SELF = YES;
				CLANG_WARN_OBJC_LITERAL_CONVERSION = YES;
				CLANG_WARN_OBJC_ROOT_CLASS = YES_ERROR;
				CLANG_WARN_QUOTED_INCLUDE_IN_FRAMEWORK_HEADER = YES;
				CLANG_WARN_RANGE_LOOP_ANALYSIS = YES;
				CLANG_WARN_STRICT_PROTOTYPES = YES;
				CLANG_WARN_SUSPICIOUS_MOVE = YES;
				CLANG_WARN_UNGUARDED_AVAILABILITY = YES_AGGRESSIVE;
				CLANG_WARN_UNREACHABLE_CODE = YES;
				CLANG_WARN__DUPLICATE_METHOD_MATCH = YES;
				COPY_PHASE_STRIP = NO;
				DEBUG_INFORMATION_FORMAT = dwarf;
				ENABLE_STRICT_OBJC_MSGSEND = YES;
				ENABLE_TESTABILITY = YES;
				GCC_C_LANGUAGE_STANDARD = gnu11;
				GCC_DYNAMIC_NO_PIC = NO;
				GCC_NO_COMMON_BLOCKS = YES;
				GCC_OPTIMIZATION_LEVEL = 0;
				GCC_PREPROCESSOR_DEFINITIONS = (
					"DEBUG=1",
					"$(inherited)",
				);
				GCC_WARN_64_TO_32_BIT_CONVERSION = YES;
				GCC_WARN_ABOUT_RETURN_TYPE = YES_ERROR;
				GCC_WARN_UNDECLARED_SELECTOR = YES;
				GCC_WARN_UNINITIALIZED_AUTOS = YES_AGGRESSIVE;
				GCC_WARN_UNUSED_FUNCTION = YES;
				GCC_WARN_UNUSED_VARIABLE = YES;
				IPHONEOS_DEPLOYMENT_TARGET = 14.3;
				MTL_ENABLE_DEBUG_INFO = INCLUDE_SOURCE;
				MTL_FAST_MATH = YES;
				ONLY_ACTIVE_ARCH = YES;
				SDKROOT = iphoneos;
				SWIFT_ACTIVE_COMPILATION_CONDITIONS = DEBUG;
				SWIFT_OPTIMIZATION_LEVEL = "-Onone";
			};
			name = Debug;
		};
		0E1E382C25B98D3200CE7BE5 /* Release */ = {
			isa = XCBuildConfiguration;
			buildSettings = {
				ALWAYS_SEARCH_USER_PATHS = NO;
				CLANG_ANALYZER_NONNULL = YES;
				CLANG_ANALYZER_NUMBER_OBJECT_CONVERSION = YES_AGGRESSIVE;
				CLANG_CXX_LANGUAGE_STANDARD = "gnu++14";
				CLANG_CXX_LIBRARY = "libc++";
				CLANG_ENABLE_MODULES = YES;
				CLANG_ENABLE_OBJC_ARC = YES;
				CLANG_ENABLE_OBJC_WEAK = YES;
				CLANG_WARN_BLOCK_CAPTURE_AUTORELEASING = YES;
				CLANG_WARN_BOOL_CONVERSION = YES;
				CLANG_WARN_COMMA = YES;
				CLANG_WARN_CONSTANT_CONVERSION = YES;
				CLANG_WARN_DEPRECATED_OBJC_IMPLEMENTATIONS = YES;
				CLANG_WARN_DIRECT_OBJC_ISA_USAGE = YES_ERROR;
				CLANG_WARN_DOCUMENTATION_COMMENTS = YES;
				CLANG_WARN_EMPTY_BODY = YES;
				CLANG_WARN_ENUM_CONVERSION = YES;
				CLANG_WARN_INFINITE_RECURSION = YES;
				CLANG_WARN_INT_CONVERSION = YES;
				CLANG_WARN_NON_LITERAL_NULL_CONVERSION = YES;
				CLANG_WARN_OBJC_IMPLICIT_RETAIN_SELF = YES;
				CLANG_WARN_OBJC_LITERAL_CONVERSION = YES;
				CLANG_WARN_OBJC_ROOT_CLASS = YES_ERROR;
				CLANG_WARN_QUOTED_INCLUDE_IN_FRAMEWORK_HEADER = YES;
				CLANG_WARN_RANGE_LOOP_ANALYSIS = YES;
				CLANG_WARN_STRICT_PROTOTYPES = YES;
				CLANG_WARN_SUSPICIOUS_MOVE = YES;
				CLANG_WARN_UNGUARDED_AVAILABILITY = YES_AGGRESSIVE;
				CLANG_WARN_UNREACHABLE_CODE = YES;
				CLANG_WARN__DUPLICATE_METHOD_MATCH = YES;
				COPY_PHASE_STRIP = NO;
				DEBUG_INFORMATION_FORMAT = "dwarf-with-dsym";
				ENABLE_NS_ASSERTIONS = NO;
				ENABLE_STRICT_OBJC_MSGSEND = YES;
				GCC_C_LANGUAGE_STANDARD = gnu11;
				GCC_NO_COMMON_BLOCKS = YES;
				GCC_WARN_64_TO_32_BIT_CONVERSION = YES;
				GCC_WARN_ABOUT_RETURN_TYPE = YES_ERROR;
				GCC_WARN_UNDECLARED_SELECTOR = YES;
				GCC_WARN_UNINITIALIZED_AUTOS = YES_AGGRESSIVE;
				GCC_WARN_UNUSED_FUNCTION = YES;
				GCC_WARN_UNUSED_VARIABLE = YES;
				IPHONEOS_DEPLOYMENT_TARGET = 14.3;
				MTL_ENABLE_DEBUG_INFO = NO;
				MTL_FAST_MATH = YES;
				SDKROOT = iphoneos;
				SWIFT_COMPILATION_MODE = wholemodule;
				SWIFT_OPTIMIZATION_LEVEL = "-O";
				VALIDATE_PRODUCT = YES;
			};
			name = Release;
		};
		0E1E382E25B98D3200CE7BE5 /* Debug */ = {
			isa = XCBuildConfiguration;
			buildSettings = {
				ASSETCATALOG_COMPILER_APPICON_NAME = AppIcon;
				ASSETCATALOG_COMPILER_GLOBAL_ACCENT_COLOR_NAME = AccentColor;
				CODE_SIGN_STYLE = Automatic;
				INFOPLIST_FILE = RecipeBoss/Info.plist;
				IPHONEOS_DEPLOYMENT_TARGET = 13.0;
				LD_RUNPATH_SEARCH_PATHS = (
					"$(inherited)",
					"@executable_path/Frameworks",
				);
				PRODUCT_BUNDLE_IDENTIFIER = com.arin.appy.RecipeBoss;
				PRODUCT_NAME = "$(TARGET_NAME)";
				SWIFT_VERSION = 5.0;
				TARGETED_DEVICE_FAMILY = "1,2";
			};
			name = Debug;
		};
		0E1E382F25B98D3200CE7BE5 /* Release */ = {
			isa = XCBuildConfiguration;
			buildSettings = {
				ASSETCATALOG_COMPILER_APPICON_NAME = AppIcon;
				ASSETCATALOG_COMPILER_GLOBAL_ACCENT_COLOR_NAME = AccentColor;
				CODE_SIGN_STYLE = Automatic;
				INFOPLIST_FILE = RecipeBoss/Info.plist;
				IPHONEOS_DEPLOYMENT_TARGET = 13.0;
				LD_RUNPATH_SEARCH_PATHS = (
					"$(inherited)",
					"@executable_path/Frameworks",
				);
				PRODUCT_BUNDLE_IDENTIFIER = com.arin.appy.RecipeBoss;
				PRODUCT_NAME = "$(TARGET_NAME)";
				SWIFT_VERSION = 5.0;
				TARGETED_DEVICE_FAMILY = "1,2";
			};
			name = Release;
		};
		0E8705A225BD83FE006DD94E /* Debug */ = {
			isa = XCBuildConfiguration;
			buildSettings = {
				BUNDLE_LOADER = "$(TEST_HOST)";
				CODE_SIGN_STYLE = Automatic;
				INFOPLIST_FILE = RecipeBossTests/Info.plist;
				LD_RUNPATH_SEARCH_PATHS = (
					"$(inherited)",
					"@executable_path/Frameworks",
					"@loader_path/Frameworks",
				);
				PRODUCT_BUNDLE_IDENTIFIER = com.arin.appy.RecipeBossTests;
				PRODUCT_NAME = "$(TARGET_NAME)";
				SWIFT_VERSION = 5.0;
				TARGETED_DEVICE_FAMILY = "1,2";
				TEST_HOST = "$(BUILT_PRODUCTS_DIR)/RecipeBoss.app/RecipeBoss";
			};
			name = Debug;
		};
		0E8705A325BD83FE006DD94E /* Release */ = {
			isa = XCBuildConfiguration;
			buildSettings = {
				BUNDLE_LOADER = "$(TEST_HOST)";
				CODE_SIGN_STYLE = Automatic;
				INFOPLIST_FILE = RecipeBossTests/Info.plist;
				LD_RUNPATH_SEARCH_PATHS = (
					"$(inherited)",
					"@executable_path/Frameworks",
					"@loader_path/Frameworks",
				);
				PRODUCT_BUNDLE_IDENTIFIER = com.arin.appy.RecipeBossTests;
				PRODUCT_NAME = "$(TARGET_NAME)";
				SWIFT_VERSION = 5.0;
				TARGETED_DEVICE_FAMILY = "1,2";
				TEST_HOST = "$(BUILT_PRODUCTS_DIR)/RecipeBoss.app/RecipeBoss";
			};
			name = Release;
		};
/* End XCBuildConfiguration section */

/* Begin XCConfigurationList section */
		0E1E381425B98D3100CE7BE5 /* Build configuration list for PBXProject "RecipeBoss" */ = {
			isa = XCConfigurationList;
			buildConfigurations = (
				0E1E382B25B98D3200CE7BE5 /* Debug */,
				0E1E382C25B98D3200CE7BE5 /* Release */,
			);
			defaultConfigurationIsVisible = 0;
			defaultConfigurationName = Release;
		};
		0E1E382D25B98D3200CE7BE5 /* Build configuration list for PBXNativeTarget "RecipeBoss" */ = {
			isa = XCConfigurationList;
			buildConfigurations = (
				0E1E382E25B98D3200CE7BE5 /* Debug */,
				0E1E382F25B98D3200CE7BE5 /* Release */,
			);
			defaultConfigurationIsVisible = 0;
			defaultConfigurationName = Release;
		};
		0E8705A425BD83FE006DD94E /* Build configuration list for PBXNativeTarget "RecipeBossTests" */ = {
			isa = XCConfigurationList;
			buildConfigurations = (
				0E8705A225BD83FE006DD94E /* Debug */,
				0E8705A325BD83FE006DD94E /* Release */,
			);
			defaultConfigurationIsVisible = 0;
			defaultConfigurationName = Release;
		};
/* End XCConfigurationList section */

/* Begin XCRemoteSwiftPackageReference section */
		0E8705B025BD846F006DD94E /* XCRemoteSwiftPackageReference "Quick" */ = {
			isa = XCRemoteSwiftPackageReference;
			repositoryURL = "https://github.com/Quick/Quick.git";
			requirement = {
				kind = upToNextMajorVersion;
				minimumVersion = 3.0.0;
			};
		};
		0E8705B525BD8498006DD94E /* XCRemoteSwiftPackageReference "Nimble" */ = {
			isa = XCRemoteSwiftPackageReference;
			repositoryURL = "https://github.com/Quick/Nimble.git";
			requirement = {
				kind = upToNextMajorVersion;
				minimumVersion = 8.0.0;
			};
		};
/* End XCRemoteSwiftPackageReference section */

/* Begin XCSwiftPackageProductDependency section */
		0E8705B125BD846F006DD94E /* Quick */ = {
			isa = XCSwiftPackageProductDependency;
			package = 0E8705B025BD846F006DD94E /* XCRemoteSwiftPackageReference "Quick" */;
			productName = Quick;
		};
		0E8705B625BD8498006DD94E /* Nimble */ = {
			isa = XCSwiftPackageProductDependency;
			package = 0E8705B525BD8498006DD94E /* XCRemoteSwiftPackageReference "Nimble" */;
			productName = Nimble;
		};
/* End XCSwiftPackageProductDependency section */
	};
	rootObject = 0E1E381125B98D3100CE7BE5 /* Project object */;
}
